### YamlMime:NetMember
type: property
members:
- returnsWithMoniker:
    type:
    - value: <xref href="Azure.AI.FormRecognizer.DocumentAnalysis.ParagraphRole?alt=Azure.AI.FormRecognizer.DocumentAnalysis.ParagraphRole&text=ParagraphRole" data-throw-if-not-resolved="True"/>
  type: property
  uid: Azure.AI.FormRecognizer.DocumentAnalysis.ParagraphRole.FormulaBlock
  commentId: P:Azure.AI.FormRecognizer.DocumentAnalysis.ParagraphRole.FormulaBlock
  name: FormulaBlock
  fullName: Azure.AI.FormRecognizer.DocumentAnalysis.ParagraphRole.FormulaBlock
  nameWithType: ParagraphRole.FormulaBlock
  syntaxWithMoniker:
  - lang: csharp
    values:
    - value: public static Azure.AI.FormRecognizer.DocumentAnalysis.ParagraphRole FormulaBlock { get; }
  - lang: fsharp
    values:
    - value: 'static member FormulaBlock : Azure.AI.FormRecognizer.DocumentAnalysis.ParagraphRole'
  - lang: vb
    values:
    - value: Public Shared ReadOnly Property FormulaBlock As ParagraphRole
  monikers:
  - azure-dotnet-preview
  summary: A block of formulas, often with shared alignment.
  metadata: {}
uid: Azure.AI.FormRecognizer.DocumentAnalysis.ParagraphRole.FormulaBlock*
commentId: Overload:Azure.AI.FormRecognizer.DocumentAnalysis.ParagraphRole.FormulaBlock
namespace: Azure.AI.FormRecognizer.DocumentAnalysis
name: FormulaBlock
fullName: Azure.AI.FormRecognizer.DocumentAnalysis.ParagraphRole.FormulaBlock
nameWithType: ParagraphRole.FormulaBlock
assembliesWithMoniker:
- value: Azure.AI.FormRecognizer.dll
packagesWithMoniker:
- value: Azure.AI.FormRecognizer v4.1.0-beta.1
devLangs:
- csharp
- vb
- fsharp
monikers:
- azure-dotnet-preview
metadata:
  api_name:
  - Azure.AI.FormRecognizer.DocumentAnalysis.ParagraphRole.FormulaBlock
  - Azure.AI.FormRecognizer.DocumentAnalysis.ParagraphRole.get_FormulaBlock
  api_location:
  - Azure.AI.FormRecognizer.dll
  topic_type:
  - apiref
  api_type:
  - Assembly
  f1_keywords:
  - Azure.AI.FormRecognizer.DocumentAnalysis.ParagraphRole.FormulaBlock
  - Azure::AI::FormRecognizer::DocumentAnalysis::ParagraphRole::FormulaBlock
  - FormulaBlock
  - ParagraphRole.FormulaBlock
  - ParagraphRole::FormulaBlock
  helpviewer_keywords:
  - ParagraphRole.FormulaBlock property [.NET]
  - FormulaBlock property [.NET], struct ParagraphRole
  monikers:
  - azure-dotnet-preview
