### YamlMime:NetMember
type: property
members:
- returnsWithMoniker:
    type:
    - value: <xref href="System.String?alt=System.String&text=String" data-throw-if-not-resolved="True"/>
  type: property
  uid: Azure.ResourceManager.Avs.WorkloadNetworkPublicIPData.PublicIPBlock
  commentId: P:Azure.ResourceManager.Avs.WorkloadNetworkPublicIPData.PublicIPBlock
  name: PublicIPBlock
  fullName: Azure.ResourceManager.Avs.WorkloadNetworkPublicIPData.PublicIPBlock
  nameWithType: WorkloadNetworkPublicIPData.PublicIPBlock
  syntaxWithMoniker:
  - lang: csharp
    values:
    - value: public string PublicIPBlock { get; }
  - lang: fsharp
    values:
    - value: 'member this.PublicIPBlock : string'
  - lang: vb
    values:
    - value: Public ReadOnly Property PublicIPBlock As String
  monikers:
  - azure-dotnet
  - azure-dotnet-preview
  summary: CIDR Block of the Public IP Block.
  metadata: {}
uid: Azure.ResourceManager.Avs.WorkloadNetworkPublicIPData.PublicIPBlock*
commentId: Overload:Azure.ResourceManager.Avs.WorkloadNetworkPublicIPData.PublicIPBlock
namespace: Azure.ResourceManager.Avs
name: PublicIPBlock
fullName: Azure.ResourceManager.Avs.WorkloadNetworkPublicIPData.PublicIPBlock
nameWithType: WorkloadNetworkPublicIPData.PublicIPBlock
assembliesWithMoniker:
- value: Azure.ResourceManager.Avs.dll
packagesWithMoniker:
- value: Azure.ResourceManager.Avs v1.1.1
  monikers:
  - azure-dotnet
- value: Azure.ResourceManager.Avs v1.2.0-beta.1
  monikers:
  - azure-dotnet-preview
devLangs:
- csharp
- vb
- fsharp
monikers:
- azure-dotnet
- azure-dotnet-preview
metadata:
  api_name:
  - Azure.ResourceManager.Avs.WorkloadNetworkPublicIPData.PublicIPBlock
  - Azure.ResourceManager.Avs.WorkloadNetworkPublicIPData.get_PublicIPBlock
  api_location:
  - Azure.ResourceManager.Avs.dll
  topic_type:
  - apiref
  api_type:
  - Assembly
  f1_keywords:
  - Azure.ResourceManager.Avs.WorkloadNetworkPublicIPData.PublicIPBlock
  - Azure::ResourceManager::Avs::WorkloadNetworkPublicIPData::PublicIPBlock
  - PublicIPBlock
  - WorkloadNetworkPublicIPData.PublicIPBlock
  - WorkloadNetworkPublicIPData::PublicIPBlock
  helpviewer_keywords:
  - WorkloadNetworkPublicIPData.PublicIPBlock property [.NET]
  - PublicIPBlock property [.NET], class WorkloadNetworkPublicIPData
  monikers:
  - azure-dotnet
  - azure-dotnet-preview
