### YamlMime:NetMember
type: property
members:
- returnsWithMoniker:
    type:
    - value: <xref href="System.String?alt=System.String&text=String" data-throw-if-not-resolved="True"/>
  type: property
  uid: Azure.ResourceManager.Avs.AvsPrivateCloudData.NetworkBlock
  commentId: P:Azure.ResourceManager.Avs.AvsPrivateCloudData.NetworkBlock
  name: NetworkBlock
  fullName: Azure.ResourceManager.Avs.AvsPrivateCloudData.NetworkBlock
  nameWithType: AvsPrivateCloudData.NetworkBlock
  syntaxWithMoniker:
  - lang: csharp
    values:
    - value: public string NetworkBlock { get; set; }
  - lang: fsharp
    values:
    - value: 'member this.NetworkBlock : string with get, set'
  - lang: vb
    values:
    - value: Public Property NetworkBlock As String
  monikers:
  - azure-dotnet
  - azure-dotnet-preview
  summary: The block of addresses should be unique across VNet in your subscription as well as on-premise. Make sure the CIDR format is conformed to (A.B.C.D/X) where A,B,C,D are between 0 and 255, and X is between 0 and 22.
  metadata: {}
uid: Azure.ResourceManager.Avs.AvsPrivateCloudData.NetworkBlock*
commentId: Overload:Azure.ResourceManager.Avs.AvsPrivateCloudData.NetworkBlock
namespace: Azure.ResourceManager.Avs
name: NetworkBlock
fullName: Azure.ResourceManager.Avs.AvsPrivateCloudData.NetworkBlock
nameWithType: AvsPrivateCloudData.NetworkBlock
assembliesWithMoniker:
- value: Azure.ResourceManager.Avs.dll
packagesWithMoniker:
- value: Azure.ResourceManager.Avs v1.1.1
  monikers:
  - azure-dotnet
- value: Azure.ResourceManager.Avs v1.2.0-beta.1
  monikers:
  - azure-dotnet-preview
devLangs:
- csharp
- vb
- fsharp
monikers:
- azure-dotnet
- azure-dotnet-preview
metadata:
  api_name:
  - Azure.ResourceManager.Avs.AvsPrivateCloudData.NetworkBlock
  - Azure.ResourceManager.Avs.AvsPrivateCloudData.get_NetworkBlock
  - Azure.ResourceManager.Avs.AvsPrivateCloudData.set_NetworkBlock
  api_location:
  - Azure.ResourceManager.Avs.dll
  topic_type:
  - apiref
  api_type:
  - Assembly
  f1_keywords:
  - Azure.ResourceManager.Avs.AvsPrivateCloudData.NetworkBlock
  - Azure::ResourceManager::Avs::AvsPrivateCloudData::NetworkBlock
  - NetworkBlock
  - AvsPrivateCloudData.NetworkBlock
  - AvsPrivateCloudData::NetworkBlock
  helpviewer_keywords:
  - AvsPrivateCloudData.NetworkBlock property [.NET]
  - NetworkBlock property [.NET], class AvsPrivateCloudData
  monikers:
  - azure-dotnet
  - azure-dotnet-preview
