### YamlMime:NetType
type: class
inheritancesWithMoniker:
- values:
  - <xref href="System.Object?alt=System.Object&text=Object" data-throw-if-not-resolved="True"/>
constructors:
- uid: Azure.Analytics.Synapse.Artifacts.Models.ScriptActivityScriptBlock.#ctor(System.Object,Azure.Analytics.Synapse.Artifacts.Models.ScriptType)
  monikers:
  - azure-dotnet-preview
properties:
- uid: Azure.Analytics.Synapse.Artifacts.Models.ScriptActivityScriptBlock.Parameters
  monikers:
  - azure-dotnet-preview
- uid: Azure.Analytics.Synapse.Artifacts.Models.ScriptActivityScriptBlock.Text
  monikers:
  - azure-dotnet-preview
- uid: Azure.Analytics.Synapse.Artifacts.Models.ScriptActivityScriptBlock.Type
  monikers:
  - azure-dotnet-preview
uid: Azure.Analytics.Synapse.Artifacts.Models.ScriptActivityScriptBlock
commentId: T:Azure.Analytics.Synapse.Artifacts.Models.ScriptActivityScriptBlock
namespace: Azure.Analytics.Synapse.Artifacts.Models
name: ScriptActivityScriptBlock
fullName: Azure.Analytics.Synapse.Artifacts.Models.ScriptActivityScriptBlock
nameWithType: Azure.Analytics.Synapse.Artifacts.Models.ScriptActivityScriptBlock
assembliesWithMoniker:
- value: Azure.Analytics.Synapse.Artifacts.dll
packagesWithMoniker:
- value: Azure.Analytics.Synapse.Artifacts v1.0.0-preview.17
attributesWithMoniker:
- value: System.Text.Json.Serialization.JsonConverterAttribute
syntaxWithMoniker:
- lang: csharp
  values:
  - value: >-
      [System.Text.Json.Serialization.JsonConverter(typeof(Azure.Analytics.Synapse.Artifacts.Models.ScriptActivityScriptBlock+ScriptActivityScriptBlockConverter))]

      public class ScriptActivityScriptBlock
- lang: fsharp
  values:
  - value: >-
      [<System.Text.Json.Serialization.JsonConverter(typeof(Azure.Analytics.Synapse.Artifacts.Models.ScriptActivityScriptBlock+ScriptActivityScriptBlockConverter))>]

      type ScriptActivityScriptBlock = class
- lang: vb
  values:
  - value: Public Class ScriptActivityScriptBlock
devLangs:
- csharp
- vb
- fsharp
monikers:
- azure-dotnet-preview
summary: Script block of scripts.
metadata:
  api_name:
  - Azure.Analytics.Synapse.Artifacts.Models.ScriptActivityScriptBlock
  api_location:
  - Azure.Analytics.Synapse.Artifacts.dll
  topic_type:
  - apiref
  api_type:
  - Assembly
  f1_keywords:
  - Azure.Analytics.Synapse.Artifacts.Models.ScriptActivityScriptBlock
  - Azure::Analytics::Synapse::Artifacts::Models::ScriptActivityScriptBlock
  - ScriptActivityScriptBlock
  helpviewer_keywords:
  - Azure.Analytics.Synapse.Artifacts.Models.ScriptActivityScriptBlock class [.NET]
  monikers:
  - azure-dotnet-preview
