### YamlMime:NetMember
type: property
members:
- returnsWithMoniker:
    type:
    - value: <xref href="Azure.ResourceManager.Cdn.Models.OverrideActionType?alt=Azure.ResourceManager.Cdn.Models.OverrideActionType&text=OverrideActionType" data-throw-if-not-resolved="True"/>
  type: property
  uid: Azure.ResourceManager.Cdn.Models.OverrideActionType.Block
  commentId: P:Azure.ResourceManager.Cdn.Models.OverrideActionType.Block
  name: Block
  fullName: Azure.ResourceManager.Cdn.Models.OverrideActionType.Block
  nameWithType: OverrideActionType.Block
  syntaxWithMoniker:
  - lang: csharp
    values:
    - value: public static Azure.ResourceManager.Cdn.Models.OverrideActionType Block { get; }
  - lang: fsharp
    values:
    - value: 'static member Block : Azure.ResourceManager.Cdn.Models.OverrideActionType'
  - lang: vb
    values:
    - value: Public Shared ReadOnly Property Block As OverrideActionType
  monikers:
  - azure-dotnet
  - azure-dotnet-preview
  summary: Block.
  metadata: {}
uid: Azure.ResourceManager.Cdn.Models.OverrideActionType.Block*
commentId: Overload:Azure.ResourceManager.Cdn.Models.OverrideActionType.Block
namespace: Azure.ResourceManager.Cdn.Models
name: Block
fullName: Azure.ResourceManager.Cdn.Models.OverrideActionType.Block
nameWithType: OverrideActionType.Block
assembliesWithMoniker:
- value: Azure.ResourceManager.Cdn.dll
packagesWithMoniker:
- value: Azure.ResourceManager.Cdn v1.1.0
  monikers:
  - azure-dotnet
- value: Azure.ResourceManager.Cdn v1.2.0-beta.1
  monikers:
  - azure-dotnet-preview
devLangs:
- csharp
- vb
- fsharp
monikers:
- azure-dotnet
- azure-dotnet-preview
metadata:
  api_name:
  - Azure.ResourceManager.Cdn.Models.OverrideActionType.Block
  - Azure.ResourceManager.Cdn.Models.OverrideActionType.get_Block
  api_location:
  - Azure.ResourceManager.Cdn.dll
  topic_type:
  - apiref
  api_type:
  - Assembly
  f1_keywords:
  - Azure.ResourceManager.Cdn.Models.OverrideActionType.Block
  - Azure::ResourceManager::Cdn::Models::OverrideActionType::Block
  - Block
  - OverrideActionType.Block
  - OverrideActionType::Block
  helpviewer_keywords:
  - OverrideActionType.Block property [.NET]
  - Block property [.NET], struct OverrideActionType
  monikers:
  - azure-dotnet
  - azure-dotnet-preview
