### YamlMime:NetMember
type: property
members:
- returnsWithMoniker:
    type:
    - value: <xref href="Azure.ResourceManager.CognitiveServices.Models.AbusePenaltyAction?alt=Azure.ResourceManager.CognitiveServices.Models.AbusePenaltyAction&text=AbusePenaltyAction" data-throw-if-not-resolved="True"/>
  type: property
  uid: Azure.ResourceManager.CognitiveServices.Models.AbusePenaltyAction.Block
  commentId: P:Azure.ResourceManager.CognitiveServices.Models.AbusePenaltyAction.Block
  name: Block
  fullName: Azure.ResourceManager.CognitiveServices.Models.AbusePenaltyAction.Block
  nameWithType: AbusePenaltyAction.Block
  syntaxWithMoniker:
  - lang: csharp
    values:
    - value: public static Azure.ResourceManager.CognitiveServices.Models.AbusePenaltyAction Block { get; }
  - lang: fsharp
    values:
    - value: 'static member Block : Azure.ResourceManager.CognitiveServices.Models.AbusePenaltyAction'
  - lang: vb
    values:
    - value: Public Shared ReadOnly Property Block As AbusePenaltyAction
  monikers:
  - azure-dotnet
  summary: Block.
  metadata: {}
uid: Azure.ResourceManager.CognitiveServices.Models.AbusePenaltyAction.Block*
commentId: Overload:Azure.ResourceManager.CognitiveServices.Models.AbusePenaltyAction.Block
namespace: Azure.ResourceManager.CognitiveServices.Models
name: Block
fullName: Azure.ResourceManager.CognitiveServices.Models.AbusePenaltyAction.Block
nameWithType: AbusePenaltyAction.Block
assembliesWithMoniker:
- value: Azure.ResourceManager.CognitiveServices.dll
packagesWithMoniker:
- value: Azure.ResourceManager.CognitiveServices v1.3.0
devLangs:
- csharp
- vb
- fsharp
monikers:
- azure-dotnet
metadata:
  api_name:
  - Azure.ResourceManager.CognitiveServices.Models.AbusePenaltyAction.Block
  - Azure.ResourceManager.CognitiveServices.Models.AbusePenaltyAction.get_Block
  api_location:
  - Azure.ResourceManager.CognitiveServices.dll
  topic_type:
  - apiref
  api_type:
  - Assembly
  f1_keywords:
  - Azure.ResourceManager.CognitiveServices.Models.AbusePenaltyAction.Block
  - Azure::ResourceManager::CognitiveServices::Models::AbusePenaltyAction::Block
  - Block
  - AbusePenaltyAction.Block
  - AbusePenaltyAction::Block
  helpviewer_keywords:
  - AbusePenaltyAction.Block property [.NET]
  - Block property [.NET], struct AbusePenaltyAction
  monikers:
  - azure-dotnet
